// !$*UTF8*$!
{
	archiveVersion = 1;
	classes = {
	};
	objectVersion = 56;
	objects = {

/* Begin PBXBuildFile section */
		345C2D182B406E9500F106BE /* O2OTechTestApp.swift in Sources */ = {isa = PBXBuildFile; fileRef = 345C2D172B406E9500F106BE /* O2OTechTestApp.swift */; };
		345C2D1A2B406E9500F106BE /* MainView.swift in Sources */ = {isa = PBXBuildFile; fileRef = 345C2D192B406E9500F106BE /* MainView.swift */; };
		345C2D1F2B406E9600F106BE /* Preview Assets.xcassets in Resources */ = {isa = PBXBuildFile; fileRef = 345C2D1E2B406E9600F106BE /* Preview Assets.xcassets */; };
		345C2D292B406E9600F106BE /* O2OTechTestTests.swift in Sources */ = {isa = PBXBuildFile; fileRef = 345C2D282B406E9600F106BE /* O2OTechTestTests.swift */; };
		345C2D332B406E9600F106BE /* O2OTechTestUITests.swift in Sources */ = {isa = PBXBuildFile; fileRef = 345C2D322B406E9600F106BE /* O2OTechTestUITests.swift */; };
		345C2D352B406E9600F106BE /* O2OTechTestUITestsLaunchTests.swift in Sources */ = {isa = PBXBuildFile; fileRef = 345C2D342B406E9600F106BE /* O2OTechTestUITestsLaunchTests.swift */; };
		345C2D472B40719600F106BE /* BeerListView.swift in Sources */ = {isa = PBXBuildFile; fileRef = 345C2D442B40719600F106BE /* BeerListView.swift */; };
		345C2D482B40719600F106BE /* BeerListModel.swift in Sources */ = {isa = PBXBuildFile; fileRef = 345C2D452B40719600F106BE /* BeerListModel.swift */; };
		345C2D492B40719600F106BE /* BeerListViewModel.swift in Sources */ = {isa = PBXBuildFile; fileRef = 345C2D462B40719600F106BE /* BeerListViewModel.swift */; };
		345C2D4B2B4082C500F106BE /* BeerListView+Cell.swift in Sources */ = {isa = PBXBuildFile; fileRef = 345C2D4A2B4082C500F106BE /* BeerListView+Cell.swift */; };
		34B311912B4199F700BC72C3 /* Assets.xcassets in Resources */ = {isa = PBXBuildFile; fileRef = 34B311902B4199F700BC72C3 /* Assets.xcassets */; };
		34B311932B419A2600BC72C3 /* Colors.xcassets in Resources */ = {isa = PBXBuildFile; fileRef = 34B311922B419A2600BC72C3 /* Colors.xcassets */; };
		34B311952B419A2E00BC72C3 /* Images.xcassets in Resources */ = {isa = PBXBuildFile; fileRef = 34B311942B419A2E00BC72C3 /* Images.xcassets */; };
		34B311972B41A47600BC72C3 /* StringsFamily.swift in Sources */ = {isa = PBXBuildFile; fileRef = 34B311962B41A47600BC72C3 /* StringsFamily.swift */; };
		34B3119E2B41A95700BC72C3 /* BeerDetail.swift in Sources */ = {isa = PBXBuildFile; fileRef = 34B3119D2B41A95700BC72C3 /* BeerDetail.swift */; };
		34F17D662B4192F8004713E4 /* FontFamily.swift in Sources */ = {isa = PBXBuildFile; fileRef = 34F17D652B4192F8004713E4 /* FontFamily.swift */; };
		34F17D6A2B419346004713E4 /* SFProDisplay-Medium.ttf in Resources */ = {isa = PBXBuildFile; fileRef = 34F17D672B419346004713E4 /* SFProDisplay-Medium.ttf */; };
		34F17D6B2B419346004713E4 /* SFProDisplay-Regular.ttf in Resources */ = {isa = PBXBuildFile; fileRef = 34F17D682B419346004713E4 /* SFProDisplay-Regular.ttf */; };
		34F17D6C2B419346004713E4 /* SFProDisplay-Bold.ttf in Resources */ = {isa = PBXBuildFile; fileRef = 34F17D692B419346004713E4 /* SFProDisplay-Bold.ttf */; };
		34F17D6E2B419358004713E4 /* ColorFamily.swift in Sources */ = {isa = PBXBuildFile; fileRef = 34F17D6D2B419358004713E4 /* ColorFamily.swift */; };
/* End PBXBuildFile section */

/* Begin PBXContainerItemProxy section */
		345C2D252B406E9600F106BE /* PBXContainerItemProxy */ = {
			isa = PBXContainerItemProxy;
			containerPortal = 345C2D0C2B406E9500F106BE /* Project object */;
			proxyType = 1;
			remoteGlobalIDString = 345C2D132B406E9500F106BE;
			remoteInfo = O2OTechTest;
		};
		345C2D2F2B406E9600F106BE /* PBXContainerItemProxy */ = {
			isa = PBXContainerItemProxy;
			containerPortal = 345C2D0C2B406E9500F106BE /* Project object */;
			proxyType = 1;
			remoteGlobalIDString = 345C2D132B406E9500F106BE;
			remoteInfo = O2OTechTest;
		};
/* End PBXContainerItemProxy section */

/* Begin PBXFileReference section */
		345C2D142B406E9500F106BE /* O2OTechTest.app */ = {isa = PBXFileReference; explicitFileType = wrapper.application; includeInIndex = 0; path = O2OTechTest.app; sourceTree = BUILT_PRODUCTS_DIR; };
		345C2D172B406E9500F106BE /* O2OTechTestApp.swift */ = {isa = PBXFileReference; lastKnownFileType = sourcecode.swift; path = O2OTechTestApp.swift; sourceTree = "<group>"; };
		345C2D192B406E9500F106BE /* MainView.swift */ = {isa = PBXFileReference; lastKnownFileType = sourcecode.swift; path = MainView.swift; sourceTree = "<group>"; };
		345C2D1E2B406E9600F106BE /* Preview Assets.xcassets */ = {isa = PBXFileReference; lastKnownFileType = folder.assetcatalog; path = "Preview Assets.xcassets"; sourceTree = "<group>"; };
		345C2D242B406E9600F106BE /* O2OTechTestTests.xctest */ = {isa = PBXFileReference; explicitFileType = wrapper.cfbundle; includeInIndex = 0; path = O2OTechTestTests.xctest; sourceTree = BUILT_PRODUCTS_DIR; };
		345C2D282B406E9600F106BE /* O2OTechTestTests.swift */ = {isa = PBXFileReference; lastKnownFileType = sourcecode.swift; path = O2OTechTestTests.swift; sourceTree = "<group>"; };
		345C2D2E2B406E9600F106BE /* O2OTechTestUITests.xctest */ = {isa = PBXFileReference; explicitFileType = wrapper.cfbundle; includeInIndex = 0; path = O2OTechTestUITests.xctest; sourceTree = BUILT_PRODUCTS_DIR; };
		345C2D322B406E9600F106BE /* O2OTechTestUITests.swift */ = {isa = PBXFileReference; lastKnownFileType = sourcecode.swift; path = O2OTechTestUITests.swift; sourceTree = "<group>"; };
		345C2D342B406E9600F106BE /* O2OTechTestUITestsLaunchTests.swift */ = {isa = PBXFileReference; lastKnownFileType = sourcecode.swift; path = O2OTechTestUITestsLaunchTests.swift; sourceTree = "<group>"; };
		345C2D442B40719600F106BE /* BeerListView.swift */ = {isa = PBXFileReference; lastKnownFileType = sourcecode.swift; path = BeerListView.swift; sourceTree = "<group>"; };
		345C2D452B40719600F106BE /* BeerListModel.swift */ = {isa = PBXFileReference; lastKnownFileType = sourcecode.swift; path = BeerListModel.swift; sourceTree = "<group>"; };
		345C2D462B40719600F106BE /* BeerListViewModel.swift */ = {isa = PBXFileReference; lastKnownFileType = sourcecode.swift; path = BeerListViewModel.swift; sourceTree = "<group>"; };
		345C2D4A2B4082C500F106BE /* BeerListView+Cell.swift */ = {isa = PBXFileReference; lastKnownFileType = sourcecode.swift; path = "BeerListView+Cell.swift"; sourceTree = "<group>"; };
		34B311902B4199F700BC72C3 /* Assets.xcassets */ = {isa = PBXFileReference; lastKnownFileType = folder.assetcatalog; path = Assets.xcassets; sourceTree = "<group>"; };
		34B311922B419A2600BC72C3 /* Colors.xcassets */ = {isa = PBXFileReference; lastKnownFileType = folder.assetcatalog; path = Colors.xcassets; sourceTree = "<group>"; };
		34B311942B419A2E00BC72C3 /* Images.xcassets */ = {isa = PBXFileReference; lastKnownFileType = folder.assetcatalog; path = Images.xcassets; sourceTree = "<group>"; };
		34B311962B41A47600BC72C3 /* StringsFamily.swift */ = {isa = PBXFileReference; lastKnownFileType = sourcecode.swift; path = StringsFamily.swift; sourceTree = "<group>"; };
		34B3119D2B41A95700BC72C3 /* BeerDetail.swift */ = {isa = PBXFileReference; lastKnownFileType = sourcecode.swift; path = BeerDetail.swift; sourceTree = "<group>"; };
		34F17D652B4192F8004713E4 /* FontFamily.swift */ = {isa = PBXFileReference; lastKnownFileType = sourcecode.swift; path = FontFamily.swift; sourceTree = "<group>"; };
		34F17D672B419346004713E4 /* SFProDisplay-Medium.ttf */ = {isa = PBXFileReference; lastKnownFileType = file; path = "SFProDisplay-Medium.ttf"; sourceTree = "<group>"; };
		34F17D682B419346004713E4 /* SFProDisplay-Regular.ttf */ = {isa = PBXFileReference; lastKnownFileType = file; path = "SFProDisplay-Regular.ttf"; sourceTree = "<group>"; };
		34F17D692B419346004713E4 /* SFProDisplay-Bold.ttf */ = {isa = PBXFileReference; lastKnownFileType = file; path = "SFProDisplay-Bold.ttf"; sourceTree = "<group>"; };
		34F17D6D2B419358004713E4 /* ColorFamily.swift */ = {isa = PBXFileReference; lastKnownFileType = sourcecode.swift; path = ColorFamily.swift; sourceTree = "<group>"; };
/* End PBXFileReference section */

/* Begin PBXFrameworksBuildPhase section */
		345C2D112B406E9500F106BE /* Frameworks */ = {
			isa = PBXFrameworksBuildPhase;
			buildActionMask = 2147483647;
			files = (
			);
			runOnlyForDeploymentPostprocessing = 0;
		};
		345C2D212B406E9600F106BE /* Frameworks */ = {
			isa = PBXFrameworksBuildPhase;
			buildActionMask = 2147483647;
			files = (
			);
			runOnlyForDeploymentPostprocessing = 0;
		};
		345C2D2B2B406E9600F106BE /* Frameworks */ = {
			isa = PBXFrameworksBuildPhase;
			buildActionMask = 2147483647;
			files = (
			);
			runOnlyForDeploymentPostprocessing = 0;
		};
/* End PBXFrameworksBuildPhase section */

/* Begin PBXGroup section */
		345C2D0B2B406E9500F106BE = {
			isa = PBXGroup;
			children = (
				345C2D162B406E9500F106BE /* O2OTechTest */,
				345C2D272B406E9600F106BE /* O2OTechTestTests */,
				345C2D312B406E9600F106BE /* O2OTechTestUITests */,
				345C2D152B406E9500F106BE /* Products */,
			);
			sourceTree = "<group>";
		};
		345C2D152B406E9500F106BE /* Products */ = {
			isa = PBXGroup;
			children = (
				345C2D142B406E9500F106BE /* O2OTechTest.app */,
				345C2D242B406E9600F106BE /* O2OTechTestTests.xctest */,
				345C2D2E2B406E9600F106BE /* O2OTechTestUITests.xctest */,
			);
			name = Products;
			sourceTree = "<group>";
		};
		345C2D162B406E9500F106BE /* O2OTechTest */ = {
			isa = PBXGroup;
			children = (
				345C2D4C2B4083B800F106BE /* resources */,
				345C2D412B40700D00F106BE /* ui */,
				345C2D172B406E9500F106BE /* O2OTechTestApp.swift */,
				345C2D192B406E9500F106BE /* MainView.swift */,
				34B311902B4199F700BC72C3 /* Assets.xcassets */,
				345C2D1D2B406E9600F106BE /* Preview Content */,
			);
			path = O2OTechTest;
			sourceTree = "<group>";
		};
		345C2D1D2B406E9600F106BE /* Preview Content */ = {
			isa = PBXGroup;
			children = (
				345C2D1E2B406E9600F106BE /* Preview Assets.xcassets */,
			);
			path = "Preview Content";
			sourceTree = "<group>";
		};
		345C2D272B406E9600F106BE /* O2OTechTestTests */ = {
			isa = PBXGroup;
			children = (
				345C2D282B406E9600F106BE /* O2OTechTestTests.swift */,
			);
			path = O2OTechTestTests;
			sourceTree = "<group>";
		};
		345C2D312B406E9600F106BE /* O2OTechTestUITests */ = {
			isa = PBXGroup;
			children = (
				345C2D322B406E9600F106BE /* O2OTechTestUITests.swift */,
				345C2D342B406E9600F106BE /* O2OTechTestUITestsLaunchTests.swift */,
			);
			path = O2OTechTestUITests;
			sourceTree = "<group>";
		};
		345C2D412B40700D00F106BE /* ui */ = {
			isa = PBXGroup;
			children = (
				345C2D422B4070A300F106BE /* views */,
			);
			path = ui;
			sourceTree = "<group>";
		};
		345C2D422B4070A300F106BE /* views */ = {
			isa = PBXGroup;
			children = (
				345C2D432B40715100F106BE /* beerList */,
			);
			path = views;
			sourceTree = "<group>";
		};
		345C2D432B40715100F106BE /* beerList */ = {
			isa = PBXGroup;
			children = (
				34B3119A2B41A93400BC72C3 /* beerDetail */,
				34B311992B41A8FB00BC72C3 /* beerListCell */,
				345C2D442B40719600F106BE /* BeerListView.swift */,
				345C2D452B40719600F106BE /* BeerListModel.swift */,
				345C2D462B40719600F106BE /* BeerListViewModel.swift */,
			);
			path = beerList;
			sourceTree = "<group>";
		};
		345C2D4C2B4083B800F106BE /* resources */ = {
			isa = PBXGroup;
			children = (
				34F17D6F2B41936F004713E4 /* colors */,
				34F17D642B4192E2004713E4 /* fonts */,
				34B311922B419A2600BC72C3 /* Colors.xcassets */,
				34B311942B419A2E00BC72C3 /* Images.xcassets */,
				34B311962B41A47600BC72C3 /* StringsFamily.swift */,
			);
			path = resources;
			sourceTree = "<group>";
		};
		34B311992B41A8FB00BC72C3 /* beerListCell */ = {
			isa = PBXGroup;
			children = (
				345C2D4A2B4082C500F106BE /* BeerListView+Cell.swift */,
			);
			path = beerListCell;
			sourceTree = "<group>";
		};
		34B3119A2B41A93400BC72C3 /* beerDetail */ = {
			isa = PBXGroup;
			children = (
				34B3119D2B41A95700BC72C3 /* BeerDetail.swift */,
			);
			path = beerDetail;
			sourceTree = "<group>";
		};
		34F17D642B4192E2004713E4 /* fonts */ = {
			isa = PBXGroup;
			children = (
				34F17D692B419346004713E4 /* SFProDisplay-Bold.ttf */,
				34F17D672B419346004713E4 /* SFProDisplay-Medium.ttf */,
				34F17D682B419346004713E4 /* SFProDisplay-Regular.ttf */,
				34F17D652B4192F8004713E4 /* FontFamily.swift */,
			);
			path = fonts;
			sourceTree = "<group>";
		};
		34F17D6F2B41936F004713E4 /* colors */ = {
			isa = PBXGroup;
			children = (
				34F17D6D2B419358004713E4 /* ColorFamily.swift */,
			);
			path = colors;
			sourceTree = "<group>";
		};
/* End PBXGroup section */

/* Begin PBXNativeTarget section */
		345C2D132B406E9500F106BE /* O2OTechTest */ = {
			isa = PBXNativeTarget;
			buildConfigurationList = 345C2D382B406E9600F106BE /* Build configuration list for PBXNativeTarget "O2OTechTest" */;
			buildPhases = (
				345C2D102B406E9500F106BE /* Sources */,
				345C2D112B406E9500F106BE /* Frameworks */,
				345C2D122B406E9500F106BE /* Resources */,
			);
			buildRules = (
			);
			dependencies = (
			);
			name = O2OTechTest;
			productName = O2OTechTest;
			productReference = 345C2D142B406E9500F106BE /* O2OTechTest.app */;
			productType = "com.apple.product-type.application";
		};
		345C2D232B406E9600F106BE /* O2OTechTestTests */ = {
			isa = PBXNativeTarget;
			buildConfigurationList = 345C2D3B2B406E9600F106BE /* Build configuration list for PBXNativeTarget "O2OTechTestTests" */;
			buildPhases = (
				345C2D202B406E9600F106BE /* Sources */,
				345C2D212B406E9600F106BE /* Frameworks */,
				345C2D222B406E9600F106BE /* Resources */,
			);
			buildRules = (
			);
			dependencies = (
				345C2D262B406E9600F106BE /* PBXTargetDependency */,
			);
			name = O2OTechTestTests;
			productName = O2OTechTestTests;
			productReference = 345C2D242B406E9600F106BE /* O2OTechTestTests.xctest */;
			productType = "com.apple.product-type.bundle.unit-test";
		};
		345C2D2D2B406E9600F106BE /* O2OTechTestUITests */ = {
			isa = PBXNativeTarget;
			buildConfigurationList = 345C2D3E2B406E9600F106BE /* Build configuration list for PBXNativeTarget "O2OTechTestUITests" */;
			buildPhases = (
				345C2D2A2B406E9600F106BE /* Sources */,
				345C2D2B2B406E9600F106BE /* Frameworks */,
				345C2D2C2B406E9600F106BE /* Resources */,
			);
			buildRules = (
			);
			dependencies = (
				345C2D302B406E9600F106BE /* PBXTargetDependency */,
			);
			name = O2OTechTestUITests;
			productName = O2OTechTestUITests;
			productReference = 345C2D2E2B406E9600F106BE /* O2OTechTestUITests.xctest */;
			productType = "com.apple.product-type.bundle.ui-testing";
		};
/* End PBXNativeTarget section */

/* Begin PBXProject section */
		345C2D0C2B406E9500F106BE /* Project object */ = {
			isa = PBXProject;
			attributes = {
				BuildIndependentTargetsInParallel = 1;
				LastSwiftUpdateCheck = 1500;
				LastUpgradeCheck = 1500;
				TargetAttributes = {
					345C2D132B406E9500F106BE = {
						CreatedOnToolsVersion = 15.0;
					};
					345C2D232B406E9600F106BE = {
						CreatedOnToolsVersion = 15.0;
						TestTargetID = 345C2D132B406E9500F106BE;
					};
					345C2D2D2B406E9600F106BE = {
						CreatedOnToolsVersion = 15.0;
						TestTargetID = 345C2D132B406E9500F106BE;
					};
				};
			};
			buildConfigurationList = 345C2D0F2B406E9500F106BE /* Build configuration list for PBXProject "O2OTechTest" */;
			compatibilityVersion = "Xcode 14.0";
			developmentRegion = en;
			hasScannedForEncodings = 0;
			knownRegions = (
				en,
				Base,
			);
			mainGroup = 345C2D0B2B406E9500F106BE;
			productRefGroup = 345C2D152B406E9500F106BE /* Products */;
			projectDirPath = "";
			projectRoot = "";
			targets = (
				345C2D132B406E9500F106BE /* O2OTechTest */,
				345C2D232B406E9600F106BE /* O2OTechTestTests */,
				345C2D2D2B406E9600F106BE /* O2OTechTestUITests */,
			);
		};
/* End PBXProject section */

/* Begin PBXResourcesBuildPhase section */
		345C2D122B406E9500F106BE /* Resources */ = {
			isa = PBXResourcesBuildPhase;
			buildActionMask = 2147483647;
			files = (
				345C2D1F2B406E9600F106BE /* Preview Assets.xcassets in Resources */,
				34F17D6C2B419346004713E4 /* SFProDisplay-Bold.ttf in Resources */,
				34B311952B419A2E00BC72C3 /* Images.xcassets in Resources */,
				34F17D6A2B419346004713E4 /* SFProDisplay-Medium.ttf in Resources */,
				34B311932B419A2600BC72C3 /* Colors.xcassets in Resources */,
				34F17D6B2B419346004713E4 /* SFProDisplay-Regular.ttf in Resources */,
				34B311912B4199F700BC72C3 /* Assets.xcassets in Resources */,
			);
			runOnlyForDeploymentPostprocessing = 0;
		};
		345C2D222B406E9600F106BE /* Resources */ = {
			isa = PBXResourcesBuildPhase;
			buildActionMask = 2147483647;
			files = (
			);
			runOnlyForDeploymentPostprocessing = 0;
		};
		345C2D2C2B406E9600F106BE /* Resources */ = {
			isa = PBXResourcesBuildPhase;
			buildActionMask = 2147483647;
			files = (
			);
			runOnlyForDeploymentPostprocessing = 0;
		};
/* End PBXResourcesBuildPhase section */

/* Begin PBXSourcesBuildPhase section */
		345C2D102B406E9500F106BE /* Sources */ = {
			isa = PBXSourcesBuildPhase;
			buildActionMask = 2147483647;
			files = (
				34F17D662B4192F8004713E4 /* FontFamily.swift in Sources */,
				34F17D6E2B419358004713E4 /* ColorFamily.swift in Sources */,
				345C2D4B2B4082C500F106BE /* BeerListView+Cell.swift in Sources */,
				345C2D472B40719600F106BE /* BeerListView.swift in Sources */,
				34B3119E2B41A95700BC72C3 /* BeerDetail.swift in Sources */,
				345C2D482B40719600F106BE /* BeerListModel.swift in Sources */,
				345C2D1A2B406E9500F106BE /* MainView.swift in Sources */,
				345C2D182B406E9500F106BE /* O2OTechTestApp.swift in Sources */,
				345C2D492B40719600F106BE /* BeerListViewModel.swift in Sources */,
				34B311972B41A47600BC72C3 /* StringsFamily.swift in Sources */,
			);
			runOnlyForDeploymentPostprocessing = 0;
		};
		345C2D202B406E9600F106BE /* Sources */ = {
			isa = PBXSourcesBuildPhase;
			buildActionMask = 2147483647;
			files = (
				345C2D292B406E9600F106BE /* O2OTechTestTests.swift in Sources */,
			);
			runOnlyForDeploymentPostprocessing = 0;
		};
		345C2D2A2B406E9600F106BE /* Sources */ = {
			isa = PBXSourcesBuildPhase;
			buildActionMask = 2147483647;
			files = (
				345C2D332B406E9600F106BE /* O2OTechTestUITests.swift in Sources */,
				345C2D352B406E9600F106BE /* O2OTechTestUITestsLaunchTests.swift in Sources */,
			);
			runOnlyForDeploymentPostprocessing = 0;
		};
/* End PBXSourcesBuildPhase section */

/* Begin PBXTargetDependency section */
		345C2D262B406E9600F106BE /* PBXTargetDependency */ = {
			isa = PBXTargetDependency;
			target = 345C2D132B406E9500F106BE /* O2OTechTest */;
			targetProxy = 345C2D252B406E9600F106BE /* PBXContainerItemProxy */;
		};
		345C2D302B406E9600F106BE /* PBXTargetDependency */ = {
			isa = PBXTargetDependency;
			target = 345C2D132B406E9500F106BE /* O2OTechTest */;
			targetProxy = 345C2D2F2B406E9600F106BE /* PBXContainerItemProxy */;
		};
/* End PBXTargetDependency section */

/* Begin XCBuildConfiguration section */
		345C2D362B406E9600F106BE /* Debug */ = {
			isa = XCBuildConfiguration;
			buildSettings = {
				ALWAYS_SEARCH_USER_PATHS = NO;
				ASSETCATALOG_COMPILER_GENERATE_SWIFT_ASSET_SYMBOL_EXTENSIONS = YES;
				CLANG_ANALYZER_NONNULL = YES;
				CLANG_ANALYZER_NUMBER_OBJECT_CONVERSION = YES_AGGRESSIVE;
				CLANG_CXX_LANGUAGE_STANDARD = "gnu++20";
				CLANG_ENABLE_MODULES = YES;
				CLANG_ENABLE_OBJC_ARC = YES;
				CLANG_ENABLE_OBJC_WEAK = YES;
				CLANG_WARN_BLOCK_CAPTURE_AUTORELEASING = YES;
				CLANG_WARN_BOOL_CONVERSION = YES;
				CLANG_WARN_COMMA = YES;
				CLANG_WARN_CONSTANT_CONVERSION = YES;
				CLANG_WARN_DEPRECATED_OBJC_IMPLEMENTATIONS = YES;
				CLANG_WARN_DIRECT_OBJC_ISA_USAGE = YES_ERROR;
				CLANG_WARN_DOCUMENTATION_COMMENTS = YES;
				CLANG_WARN_EMPTY_BODY = YES;
				CLANG_WARN_ENUM_CONVERSION = YES;
				CLANG_WARN_INFINITE_RECURSION = YES;
				CLANG_WARN_INT_CONVERSION = YES;
				CLANG_WARN_NON_LITERAL_NULL_CONVERSION = YES;
				CLANG_WARN_OBJC_IMPLICIT_RETAIN_SELF = YES;
				CLANG_WARN_OBJC_LITERAL_CONVERSION = YES;
				CLANG_WARN_OBJC_ROOT_CLASS = YES_ERROR;
				CLANG_WARN_QUOTED_INCLUDE_IN_FRAMEWORK_HEADER = YES;
				CLANG_WARN_RANGE_LOOP_ANALYSIS = YES;
				CLANG_WARN_STRICT_PROTOTYPES = YES;
				CLANG_WARN_SUSPICIOUS_MOVE = YES;
				CLANG_WARN_UNGUARDED_AVAILABILITY = YES_AGGRESSIVE;
				CLANG_WARN_UNREACHABLE_CODE = YES;
				CLANG_WARN__DUPLICATE_METHOD_MATCH = YES;
				COPY_PHASE_STRIP = NO;
				DEBUG_INFORMATION_FORMAT = dwarf;
				ENABLE_STRICT_OBJC_MSGSEND = YES;
				ENABLE_TESTABILITY = YES;
				ENABLE_USER_SCRIPT_SANDBOXING = YES;
				GCC_C_LANGUAGE_STANDARD = gnu17;
				GCC_DYNAMIC_NO_PIC = NO;
				GCC_NO_COMMON_BLOCKS = YES;
				GCC_OPTIMIZATION_LEVEL = 0;
				GCC_PREPROCESSOR_DEFINITIONS = (
					"DEBUG=1",
					"$(inherited)",
				);
				GCC_WARN_64_TO_32_BIT_CONVERSION = YES;
				GCC_WARN_ABOUT_RETURN_TYPE = YES_ERROR;
				GCC_WARN_UNDECLARED_SELECTOR = YES;
				GCC_WARN_UNINITIALIZED_AUTOS = YES_AGGRESSIVE;
				GCC_WARN_UNUSED_FUNCTION = YES;
				GCC_WARN_UNUSED_VARIABLE = YES;
				IPHONEOS_DEPLOYMENT_TARGET = 15.0;
				LOCALIZATION_PREFERS_STRING_CATALOGS = YES;
				MTL_ENABLE_DEBUG_INFO = INCLUDE_SOURCE;
				MTL_FAST_MATH = YES;
				ONLY_ACTIVE_ARCH = YES;
				SDKROOT = iphoneos;
				SWIFT_ACTIVE_COMPILATION_CONDITIONS = "DEBUG $(inherited)";
				SWIFT_OPTIMIZATION_LEVEL = "-Onone";
			};
			name = Debug;
		};
		345C2D372B406E9600F106BE /* Release */ = {
			isa = XCBuildConfiguration;
			buildSettings = {
				ALWAYS_SEARCH_USER_PATHS = NO;
				ASSETCATALOG_COMPILER_GENERATE_SWIFT_ASSET_SYMBOL_EXTENSIONS = YES;
				CLANG_ANALYZER_NONNULL = YES;
				CLANG_ANALYZER_NUMBER_OBJECT_CONVERSION = YES_AGGRESSIVE;
				CLANG_CXX_LANGUAGE_STANDARD = "gnu++20";
				CLANG_ENABLE_MODULES = YES;
				CLANG_ENABLE_OBJC_ARC = YES;
				CLANG_ENABLE_OBJC_WEAK = YES;
				CLANG_WARN_BLOCK_CAPTURE_AUTORELEASING = YES;
				CLANG_WARN_BOOL_CONVERSION = YES;
				CLANG_WARN_COMMA = YES;
				CLANG_WARN_CONSTANT_CONVERSION = YES;
				CLANG_WARN_DEPRECATED_OBJC_IMPLEMENTATIONS = YES;
				CLANG_WARN_DIRECT_OBJC_ISA_USAGE = YES_ERROR;
				CLANG_WARN_DOCUMENTATION_COMMENTS = YES;
				CLANG_WARN_EMPTY_BODY = YES;
				CLANG_WARN_ENUM_CONVERSION = YES;
				CLANG_WARN_INFINITE_RECURSION = YES;
				CLANG_WARN_INT_CONVERSION = YES;
				CLANG_WARN_NON_LITERAL_NULL_CONVERSION = YES;
				CLANG_WARN_OBJC_IMPLICIT_RETAIN_SELF = YES;
				CLANG_WARN_OBJC_LITERAL_CONVERSION = YES;
				CLANG_WARN_OBJC_ROOT_CLASS = YES_ERROR;
				CLANG_WARN_QUOTED_INCLUDE_IN_FRAMEWORK_HEADER = YES;
				CLANG_WARN_RANGE_LOOP_ANALYSIS = YES;
				CLANG_WARN_STRICT_PROTOTYPES = YES;
				CLANG_WARN_SUSPICIOUS_MOVE = YES;
				CLANG_WARN_UNGUARDED_AVAILABILITY = YES_AGGRESSIVE;
				CLANG_WARN_UNREACHABLE_CODE = YES;
				CLANG_WARN__DUPLICATE_METHOD_MATCH = YES;
				COPY_PHASE_STRIP = NO;
				DEBUG_INFORMATION_FORMAT = "dwarf-with-dsym";
				ENABLE_NS_ASSERTIONS = NO;
				ENABLE_STRICT_OBJC_MSGSEND = YES;
				ENABLE_USER_SCRIPT_SANDBOXING = YES;
				GCC_C_LANGUAGE_STANDARD = gnu17;
				GCC_NO_COMMON_BLOCKS = YES;
				GCC_WARN_64_TO_32_BIT_CONVERSION = YES;
				GCC_WARN_ABOUT_RETURN_TYPE = YES_ERROR;
				GCC_WARN_UNDECLARED_SELECTOR = YES;
				GCC_WARN_UNINITIALIZED_AUTOS = YES_AGGRESSIVE;
				GCC_WARN_UNUSED_FUNCTION = YES;
				GCC_WARN_UNUSED_VARIABLE = YES;
				IPHONEOS_DEPLOYMENT_TARGET = 15.0;
				LOCALIZATION_PREFERS_STRING_CATALOGS = YES;
				MTL_ENABLE_DEBUG_INFO = NO;
				MTL_FAST_MATH = YES;
				SDKROOT = iphoneos;
				SWIFT_COMPILATION_MODE = wholemodule;
				VALIDATE_PRODUCT = YES;
			};
			name = Release;
		};
		345C2D392B406E9600F106BE /* Debug */ = {
			isa = XCBuildConfiguration;
			buildSettings = {
				ASSETCATALOG_COMPILER_APPICON_NAME = AppIcon;
				ASSETCATALOG_COMPILER_GLOBAL_ACCENT_COLOR_NAME = AccentColor;
				CODE_SIGN_STYLE = Automatic;
				CURRENT_PROJECT_VERSION = 1;
				DEVELOPMENT_ASSET_PATHS = "\"O2OTechTest/Preview Content\"";
				ENABLE_PREVIEWS = YES;
				GENERATE_INFOPLIST_FILE = YES;
				INFOPLIST_KEY_UIApplicationSceneManifest_Generation = YES;
				INFOPLIST_KEY_UIApplicationSupportsIndirectInputEvents = YES;
				INFOPLIST_KEY_UILaunchScreen_Generation = YES;
				INFOPLIST_KEY_UISupportedInterfaceOrientations_iPad = "UIInterfaceOrientationPortrait UIInterfaceOrientationPortraitUpsideDown UIInterfaceOrientationLandscapeLeft UIInterfaceOrientationLandscapeRight";
				INFOPLIST_KEY_UISupportedInterfaceOrientations_iPhone = "UIInterfaceOrientationPortrait UIInterfaceOrientationLandscapeLeft UIInterfaceOrientationLandscapeRight";
				LD_RUNPATH_SEARCH_PATHS = (
					"$(inherited)",
					"@executable_path/Frameworks",
				);
				MARKETING_VERSION = 1.0;
				PRODUCT_BUNDLE_IDENTIFIER = manuel.vera.O2OTechTest;
				PRODUCT_NAME = "$(TARGET_NAME)";
				SWIFT_EMIT_LOC_STRINGS = YES;
				SWIFT_VERSION = 5.0;
				TARGETED_DEVICE_FAMILY = "1,2";
			};
			name = Debug;
		};
		345C2D3A2B406E9600F106BE /* Release */ = {
			isa = XCBuildConfiguration;
			buildSettings = {
				ASSETCATALOG_COMPILER_APPICON_NAME = AppIcon;
				ASSETCATALOG_COMPILER_GLOBAL_ACCENT_COLOR_NAME = AccentColor;
				CODE_SIGN_STYLE = Automatic;
				CURRENT_PROJECT_VERSION = 1;
				DEVELOPMENT_ASSET_PATHS = "\"O2OTechTest/Preview Content\"";
				ENABLE_PREVIEWS = YES;
				GENERATE_INFOPLIST_FILE = YES;
				INFOPLIST_KEY_UIApplicationSceneManifest_Generation = YES;
				INFOPLIST_KEY_UIApplicationSupportsIndirectInputEvents = YES;
				INFOPLIST_KEY_UILaunchScreen_Generation = YES;
				INFOPLIST_KEY_UISupportedInterfaceOrientations_iPad = "UIInterfaceOrientationPortrait UIInterfaceOrientationPortraitUpsideDown UIInterfaceOrientationLandscapeLeft UIInterfaceOrientationLandscapeRight";
				INFOPLIST_KEY_UISupportedInterfaceOrientations_iPhone = "UIInterfaceOrientationPortrait UIInterfaceOrientationLandscapeLeft UIInterfaceOrientationLandscapeRight";
				LD_RUNPATH_SEARCH_PATHS = (
					"$(inherited)",
					"@executable_path/Frameworks",
				);
				MARKETING_VERSION = 1.0;
				PRODUCT_BUNDLE_IDENTIFIER = manuel.vera.O2OTechTest;
				PRODUCT_NAME = "$(TARGET_NAME)";
				SWIFT_EMIT_LOC_STRINGS = YES;
				SWIFT_VERSION = 5.0;
				TARGETED_DEVICE_FAMILY = "1,2";
			};
			name = Release;
		};
		345C2D3C2B406E9600F106BE /* Debug */ = {
			isa = XCBuildConfiguration;
			buildSettings = {
				ALWAYS_EMBED_SWIFT_STANDARD_LIBRARIES = YES;
				BUNDLE_LOADER = "$(TEST_HOST)";
				CODE_SIGN_STYLE = Automatic;
				CURRENT_PROJECT_VERSION = 1;
				GENERATE_INFOPLIST_FILE = YES;
				IPHONEOS_DEPLOYMENT_TARGET = 17.0;
				MARKETING_VERSION = 1.0;
				PRODUCT_BUNDLE_IDENTIFIER = manuel.vera.O2OTechTestTests;
				PRODUCT_NAME = "$(TARGET_NAME)";
				SWIFT_EMIT_LOC_STRINGS = NO;
				SWIFT_VERSION = 5.0;
				TARGETED_DEVICE_FAMILY = "1,2";
				TEST_HOST = "$(BUILT_PRODUCTS_DIR)/O2OTechTest.app/$(BUNDLE_EXECUTABLE_FOLDER_PATH)/O2OTechTest";
			};
			name = Debug;
		};
		345C2D3D2B406E9600F106BE /* Release */ = {
			isa = XCBuildConfiguration;
			buildSettings = {
				ALWAYS_EMBED_SWIFT_STANDARD_LIBRARIES = YES;
				BUNDLE_LOADER = "$(TEST_HOST)";
				CODE_SIGN_STYLE = Automatic;
				CURRENT_PROJECT_VERSION = 1;
				GENERATE_INFOPLIST_FILE = YES;
				IPHONEOS_DEPLOYMENT_TARGET = 17.0;
				MARKETING_VERSION = 1.0;
				PRODUCT_BUNDLE_IDENTIFIER = manuel.vera.O2OTechTestTests;
				PRODUCT_NAME = "$(TARGET_NAME)";
				SWIFT_EMIT_LOC_STRINGS = NO;
				SWIFT_VERSION = 5.0;
				TARGETED_DEVICE_FAMILY = "1,2";
				TEST_HOST = "$(BUILT_PRODUCTS_DIR)/O2OTechTest.app/$(BUNDLE_EXECUTABLE_FOLDER_PATH)/O2OTechTest";
			};
			name = Release;
		};
		345C2D3F2B406E9600F106BE /* Debug */ = {
			isa = XCBuildConfiguration;
			buildSettings = {
				ALWAYS_EMBED_SWIFT_STANDARD_LIBRARIES = YES;
				CODE_SIGN_STYLE = Automatic;
				CURRENT_PROJECT_VERSION = 1;
				GENERATE_INFOPLIST_FILE = YES;
				MARKETING_VERSION = 1.0;
				PRODUCT_BUNDLE_IDENTIFIER = manuel.vera.O2OTechTestUITests;
				PRODUCT_NAME = "$(TARGET_NAME)";
				SWIFT_EMIT_LOC_STRINGS = NO;
				SWIFT_VERSION = 5.0;
				TARGETED_DEVICE_FAMILY = "1,2";
				TEST_TARGET_NAME = O2OTechTest;
			};
			name = Debug;
		};
		345C2D402B406E9600F106BE /* Release */ = {
			isa = XCBuildConfiguration;
			buildSettings = {
				ALWAYS_EMBED_SWIFT_STANDARD_LIBRARIES = YES;
				CODE_SIGN_STYLE = Automatic;
				CURRENT_PROJECT_VERSION = 1;
				GENERATE_INFOPLIST_FILE = YES;
				MARKETING_VERSION = 1.0;
				PRODUCT_BUNDLE_IDENTIFIER = manuel.vera.O2OTechTestUITests;
				PRODUCT_NAME = "$(TARGET_NAME)";
				SWIFT_EMIT_LOC_STRINGS = NO;
				SWIFT_VERSION = 5.0;
				TARGETED_DEVICE_FAMILY = "1,2";
				TEST_TARGET_NAME = O2OTechTest;
			};
			name = Release;
		};
/* End XCBuildConfiguration section */

/* Begin XCConfigurationList section */
		345C2D0F2B406E9500F106BE /* Build configuration list for PBXProject "O2OTechTest" */ = {
			isa = XCConfigurationList;
			buildConfigurations = (
				345C2D362B406E9600F106BE /* Debug */,
				345C2D372B406E9600F106BE /* Release */,
			);
			defaultConfigurationIsVisible = 0;
			defaultConfigurationName = Release;
		};
		345C2D382B406E9600F106BE /* Build configuration list for PBXNativeTarget "O2OTechTest" */ = {
			isa = XCConfigurationList;
			buildConfigurations = (
				345C2D392B406E9600F106BE /* Debug */,
				345C2D3A2B406E9600F106BE /* Release */,
			);
			defaultConfigurationIsVisible = 0;
			defaultConfigurationName = Release;
		};
		345C2D3B2B406E9600F106BE /* Build configuration list for PBXNativeTarget "O2OTechTestTests" */ = {
			isa = XCConfigurationList;
			buildConfigurations = (
				345C2D3C2B406E9600F106BE /* Debug */,
				345C2D3D2B406E9600F106BE /* Release */,
			);
			defaultConfigurationIsVisible = 0;
			defaultConfigurationName = Release;
		};
		345C2D3E2B406E9600F106BE /* Build configuration list for PBXNativeTarget "O2OTechTestUITests" */ = {
			isa = XCConfigurationList;
			buildConfigurations = (
				345C2D3F2B406E9600F106BE /* Debug */,
				345C2D402B406E9600F106BE /* Release */,
			);
			defaultConfigurationIsVisible = 0;
			defaultConfigurationName = Release;
		};
/* End XCConfigurationList section */
	};
	rootObject = 345C2D0C2B406E9500F106BE /* Project object */;
}
